<Solution>
  <Folder Name="/src/">
    <Project Path="src/NutriHub.Api/NutriHub.Api.csproj" />
    <Project Path="src/NutriHub.Application/NutriHub.Application.csproj" />
    <Project Path="src/NutriHub.Domain/NutriHub.Domain.csproj" />
    <Project Path="src/NutriHub.Infrastructure/NutriHub.Infrastructure.csproj" />
  </Folder>
  <Folder Name="/tests/">
    <Project Path="tests/NutriHub.UnitTests/NutriHub.UnitTests.csproj" />
  </Folder>
</Solution>
